
Microsoft Visual Studio Solution File, Format Version 12.00
# Visual Studio Version 17
VisualStudioVersion = 17.10.35027.167
MinimumVisualStudioVersion = 10.0.40219.1
Project("{FAE04EC0-301F-11D3-BF4B-00C04F79EFBC}") = "before", "before\before.csproj", "{C57087D0-233A-4D08-86FA-9AB7F4CD7006}"
EndProject
Global
	GlobalSection(SolutionConfigurationPlatforms) = preSolution
		Debug|Any CPU = Debug|Any CPU
		Release|Any CPU = Release|Any CPU
	EndGlobalSection
	GlobalSection(ProjectConfigurationPlatforms) = postSolution
		{C57087D0-233A-4D08-86FA-9AB7F4CD7006}.Debug|Any CPU.ActiveCfg = Debug|Any CPU
		{C57087D0-233A-4D08-86FA-9AB7F4CD7006}.Debug|Any CPU.Build.0 = Debug|Any CPU
		{C57087D0-233A-4D08-86FA-9AB7F4CD7006}.Release|Any CPU.ActiveCfg = Release|Any CPU
		{C57087D0-233A-4D08-86FA-9AB7F4CD7006}.Release|Any CPU.Build.0 = Release|Any CPU
	EndGlobalSection
	GlobalSection(SolutionProperties) = preSolution
		HideSolutionNode = FALSE
	EndGlobalSection
	GlobalSection(ExtensibilityGlobals) = postSolution
		SolutionGuid = {597885B7-125A-43C2-9092-743813788827}
	EndGlobalSection
EndGlobal
