
Microsoft Visual Studio Solution File, Format Version 12.00
# Visual Studio Version 17
VisualStudioVersion = 17.10.35027.167
MinimumVisualStudioVersion = 10.0.40219.1
Project("{FAE04EC0-301F-11D3-BF4B-00C04F79EFBC}") = "AFTER", "AFTER\AFTER.csproj", "{5C2BF7BB-94A7-4791-B3DC-A67E49A2BD8B}"
EndProject
Global
	GlobalSection(SolutionConfigurationPlatforms) = preSolution
		Debug|Any CPU = Debug|Any CPU
		Release|Any CPU = Release|Any CPU
	EndGlobalSection
	GlobalSection(ProjectConfigurationPlatforms) = postSolution
		{5C2BF7BB-94A7-4791-B3DC-A67E49A2BD8B}.Debug|Any CPU.ActiveCfg = Debug|Any CPU
		{5C2BF7BB-94A7-4791-B3DC-A67E49A2BD8B}.Debug|Any CPU.Build.0 = Debug|Any CPU
		{5C2BF7BB-94A7-4791-B3DC-A67E49A2BD8B}.Release|Any CPU.ActiveCfg = Release|Any CPU
		{5C2BF7BB-94A7-4791-B3DC-A67E49A2BD8B}.Release|Any CPU.Build.0 = Release|Any CPU
	EndGlobalSection
	GlobalSection(SolutionProperties) = preSolution
		HideSolutionNode = FALSE
	EndGlobalSection
	GlobalSection(ExtensibilityGlobals) = postSolution
		SolutionGuid = {8669FAD3-4543-4605-B988-8CD0481A3929}
	EndGlobalSection
EndGlobal
