
Microsoft Visual Studio Solution File, Format Version 12.00
# Visual Studio Version 17
VisualStudioVersion = 17.10.35027.167
MinimumVisualStudioVersion = 10.0.40219.1
Project("{FAE04EC0-301F-11D3-BF4B-00C04F79EFBC}") = "AFTER", "AFTER\AFTER.csproj", "{49169553-8334-4F5C-885D-C57F39BBD065}"
EndProject
Global
	GlobalSection(SolutionConfigurationPlatforms) = preSolution
		Debug|Any CPU = Debug|Any CPU
		Release|Any CPU = Release|Any CPU
	EndGlobalSection
	GlobalSection(ProjectConfigurationPlatforms) = postSolution
		{49169553-8334-4F5C-885D-C57F39BBD065}.Debug|Any CPU.ActiveCfg = Debug|Any CPU
		{49169553-8334-4F5C-885D-C57F39BBD065}.Debug|Any CPU.Build.0 = Debug|Any CPU
		{49169553-8334-4F5C-885D-C57F39BBD065}.Release|Any CPU.ActiveCfg = Release|Any CPU
		{49169553-8334-4F5C-885D-C57F39BBD065}.Release|Any CPU.Build.0 = Release|Any CPU
	EndGlobalSection
	GlobalSection(SolutionProperties) = preSolution
		HideSolutionNode = FALSE
	EndGlobalSection
	GlobalSection(ExtensibilityGlobals) = postSolution
		SolutionGuid = {EC1790D3-D262-4C4B-B657-E4A26517B82A}
	EndGlobalSection
EndGlobal
